
Microsoft Visual Studio Solution File, Format Version 12.00
# Visual Studio Version 17
VisualStudioVersion = 17.4.33205.214
MinimumVisualStudioVersion = 10.0.40219.1
Project("{FAE04EC0-301F-11D3-BF4B-00C04F79EFBC}") = "Asp.netWebApp", "Asp.netWebApp\Asp.netWebApp.csproj", "{DE5F4B51-E387-491C-902A-B4B7A3BDF758}"
EndProject
Global
	GlobalSection(SolutionConfigurationPlatforms) = preSolution
		Debug|Any CPU = Debug|Any CPU
		Release|Any CPU = Release|Any CPU
	EndGlobalSection
	GlobalSection(ProjectConfigurationPlatforms) = postSolution
		{DE5F4B51-E387-491C-902A-B4B7A3BDF758}.Debug|Any CPU.ActiveCfg = Debug|Any CPU
		{DE5F4B51-E387-491C-902A-B4B7A3BDF758}.Debug|Any CPU.Build.0 = Debug|Any CPU
		{DE5F4B51-E387-491C-902A-B4B7A3BDF758}.Release|Any CPU.ActiveCfg = Release|Any CPU
		{DE5F4B51-E387-491C-902A-B4B7A3BDF758}.Release|Any CPU.Build.0 = Release|Any CPU
	EndGlobalSection
	GlobalSection(SolutionProperties) = preSolution
		HideSolutionNode = FALSE
	EndGlobalSection
	GlobalSection(ExtensibilityGlobals) = postSolution
		SolutionGuid = {1935B27C-75AA-4D08-932D-9AFA2BE956FC}
	EndGlobalSection
EndGlobal
